
Microsoft Visual Studio Solution File, Format Version 12.00
# Visual Studio 15
VisualStudioVersion = 15.0.28307.572
MinimumVisualStudioVersion = 10.0.40219.1
Project("{FAE04EC0-301F-11D3-BF4B-00C04F79EFBC}") = "DAL", "DAL\DAL.csproj", "{9A6946E2-B4F7-4B73-8991-EB151897CC97}"
EndProject
Project("{FAE04EC0-301F-11D3-BF4B-00C04F79EFBC}") = "NamirniceCSVParser", "NamirniceCSVParser\NamirniceCSVParser.csproj", "{A8BE05C0-D285-4D63-905F-3AA86405A486}"
EndProject
Project("{FAE04EC0-301F-11D3-BF4B-00C04F79EFBC}") = "AdminSite", "AdminSite\AdminSite.csproj", "{2349625F-AEDD-4007-B7A3-5694376FCC0B}"
EndProject
Project("{FAE04EC0-301F-11D3-BF4B-00C04F79EFBC}") = "PublicSite", "PublicSite\PublicSite.csproj", "{C3ADD5B7-2DE9-45CE-8DC6-6F6ED25A22FC}"
EndProject
Project("{FAE04EC0-301F-11D3-BF4B-00C04F79EFBC}") = "UnitTest", "UnitTest\UnitTest.csproj", "{0239273A-8F87-4DC7-B943-4571103755C1}"
EndProject
Project("{2150E333-8FDC-42A3-9474-1A3956D46DE8}") = "Solution Items", "Solution Items", "{B7C35934-DE80-4570-B765-23618745381A}"
	ProjectSection(SolutionItems) = preProject
		ML-AVU-PRA-AnalizaZavrsenogProjekta.docx = ML-AVU-PRA-AnalizaZavrsenogProjekta.docx
		ML-AVU-PRA-KontrolniPopisZaPregledKoda.docx = ML-AVU-PRA-KontrolniPopisZaPregledKoda.docx
		ML-FoodMajstorPopisEkranaV1.3.2.pptx = ML-FoodMajstorPopisEkranaV1.3.2.pptx
		ML-PRA-ProjektnaSpecifikacijaV1.3.docx = ML-PRA-ProjektnaSpecifikacijaV1.3.docx
		README.txt = README.txt
	EndProjectSection
EndProject
Global
	GlobalSection(SolutionConfigurationPlatforms) = preSolution
		Debug|Any CPU = Debug|Any CPU
		Release|Any CPU = Release|Any CPU
	EndGlobalSection
	GlobalSection(ProjectConfigurationPlatforms) = postSolution
		{9A6946E2-B4F7-4B73-8991-EB151897CC97}.Debug|Any CPU.ActiveCfg = Debug|Any CPU
		{9A6946E2-B4F7-4B73-8991-EB151897CC97}.Debug|Any CPU.Build.0 = Debug|Any CPU
		{9A6946E2-B4F7-4B73-8991-EB151897CC97}.Release|Any CPU.ActiveCfg = Release|Any CPU
		{9A6946E2-B4F7-4B73-8991-EB151897CC97}.Release|Any CPU.Build.0 = Release|Any CPU
		{A8BE05C0-D285-4D63-905F-3AA86405A486}.Debug|Any CPU.ActiveCfg = Debug|Any CPU
		{A8BE05C0-D285-4D63-905F-3AA86405A486}.Debug|Any CPU.Build.0 = Debug|Any CPU
		{A8BE05C0-D285-4D63-905F-3AA86405A486}.Release|Any CPU.ActiveCfg = Release|Any CPU
		{A8BE05C0-D285-4D63-905F-3AA86405A486}.Release|Any CPU.Build.0 = Release|Any CPU
		{2349625F-AEDD-4007-B7A3-5694376FCC0B}.Debug|Any CPU.ActiveCfg = Debug|Any CPU
		{2349625F-AEDD-4007-B7A3-5694376FCC0B}.Debug|Any CPU.Build.0 = Debug|Any CPU
		{2349625F-AEDD-4007-B7A3-5694376FCC0B}.Release|Any CPU.ActiveCfg = Release|Any CPU
		{2349625F-AEDD-4007-B7A3-5694376FCC0B}.Release|Any CPU.Build.0 = Release|Any CPU
		{C3ADD5B7-2DE9-45CE-8DC6-6F6ED25A22FC}.Debug|Any CPU.ActiveCfg = Debug|Any CPU
		{C3ADD5B7-2DE9-45CE-8DC6-6F6ED25A22FC}.Debug|Any CPU.Build.0 = Debug|Any CPU
		{C3ADD5B7-2DE9-45CE-8DC6-6F6ED25A22FC}.Release|Any CPU.ActiveCfg = Release|Any CPU
		{C3ADD5B7-2DE9-45CE-8DC6-6F6ED25A22FC}.Release|Any CPU.Build.0 = Release|Any CPU
		{0239273A-8F87-4DC7-B943-4571103755C1}.Debug|Any CPU.ActiveCfg = Debug|Any CPU
		{0239273A-8F87-4DC7-B943-4571103755C1}.Debug|Any CPU.Build.0 = Debug|Any CPU
		{0239273A-8F87-4DC7-B943-4571103755C1}.Release|Any CPU.ActiveCfg = Release|Any CPU
		{0239273A-8F87-4DC7-B943-4571103755C1}.Release|Any CPU.Build.0 = Release|Any CPU
	EndGlobalSection
	GlobalSection(SolutionProperties) = preSolution
		HideSolutionNode = FALSE
	EndGlobalSection
	GlobalSection(ExtensibilityGlobals) = postSolution
		SolutionGuid = {E5F09A7F-A27C-497B-BB44-9EA61FED62F2}
	EndGlobalSection
EndGlobal
